// !$*UTF8*$!
{
	archiveVersion = 1;
	classes = {
	};
	objectVersion = 50;
	objects = {

/* Begin PBXBuildFile section */
		917575C1F9A1607D4E9C3635 /* Pods_DDShopTests.framework in Frameworks */ = {isa = PBXBuildFile; fileRef = 9AC4E447B079FFF26FE80A0F /* Pods_DDShopTests.framework */; };
		9526F1B436E94322B07DEE4A /* Pods_DDShop.framework in Frameworks */ = {isa = PBXBuildFile; fileRef = A42ED5CFA437E4AEA3E92ACD /* Pods_DDShop.framework */; };
		A7B7891122823F3500F93091 /* TabBarScreenObject.swift in Sources */ = {isa = PBXBuildFile; fileRef = A7B7891022823F3500F93091 /* TabBarScreenObject.swift */; };
		A7B789142282D32000F93091 /* ProductListScreenObject.swift in Sources */ = {isa = PBXBuildFile; fileRef = A7B789132282D32000F93091 /* ProductListScreenObject.swift */; };
		A7C8FAB7227F7CB300DF9CA8 /* AppDelegate.swift in Sources */ = {isa = PBXBuildFile; fileRef = A7C8FAB6227F7CB300DF9CA8 /* AppDelegate.swift */; };
		A7C8FAB9227F7CB300DF9CA8 /* ProductListViewController.swift in Sources */ = {isa = PBXBuildFile; fileRef = A7C8FAB8227F7CB300DF9CA8 /* ProductListViewController.swift */; };
		A7C8FABB227F7CB300DF9CA8 /* SecondViewController.swift in Sources */ = {isa = PBXBuildFile; fileRef = A7C8FABA227F7CB300DF9CA8 /* SecondViewController.swift */; };
		A7C8FABE227F7CB300DF9CA8 /* Main.storyboard in Resources */ = {isa = PBXBuildFile; fileRef = A7C8FABC227F7CB300DF9CA8 /* Main.storyboard */; };
		A7C8FAC0227F7CB300DF9CA8 /* Assets.xcassets in Resources */ = {isa = PBXBuildFile; fileRef = A7C8FABF227F7CB300DF9CA8 /* Assets.xcassets */; };
		A7C8FAC3227F7CB300DF9CA8 /* LaunchScreen.storyboard in Resources */ = {isa = PBXBuildFile; fileRef = A7C8FAC1227F7CB300DF9CA8 /* LaunchScreen.storyboard */; };
		A7C8FACE227F7CB300DF9CA8 /* ArrayExtensionTests.swift in Sources */ = {isa = PBXBuildFile; fileRef = A7C8FACD227F7CB300DF9CA8 /* ArrayExtensionTests.swift */; };
		A7C8FAD9227F7CB300DF9CA8 /* DDShopUITests.swift in Sources */ = {isa = PBXBuildFile; fileRef = A7C8FAD8227F7CB300DF9CA8 /* DDShopUITests.swift */; };
		A7C8FAE9227F7D8500DF9CA8 /* ProductModel.swift in Sources */ = {isa = PBXBuildFile; fileRef = A7C8FAE8227F7D8500DF9CA8 /* ProductModel.swift */; };
		A7C927E822834D6C0057B012 /* ProductScreenObject.swift in Sources */ = {isa = PBXBuildFile; fileRef = A7C927E722834D6C0057B012 /* ProductScreenObject.swift */; };
		A7C927EC228381170057B012 /* CartViewController.swift in Sources */ = {isa = PBXBuildFile; fileRef = A7C927EB228381170057B012 /* CartViewController.swift */; };
		A7C927EE2283811D0057B012 /* CartView.swift in Sources */ = {isa = PBXBuildFile; fileRef = A7C927ED2283811D0057B012 /* CartView.swift */; };
		A7C927F022838A1F0057B012 /* Decimal.swift in Sources */ = {isa = PBXBuildFile; fileRef = A7C927EF22838A1F0057B012 /* Decimal.swift */; };
		A7C927F2228390690057B012 /* WishlistViewController.swift in Sources */ = {isa = PBXBuildFile; fileRef = A7C927F1228390690057B012 /* WishlistViewController.swift */; };
		A7C927F4228394610057B012 /* MockHttpTest.swift in Sources */ = {isa = PBXBuildFile; fileRef = A7C927F3228394610057B012 /* MockHttpTest.swift */; };
		A7C927F8228398FC0057B012 /* MockResponse.json in Resources */ = {isa = PBXBuildFile; fileRef = A7C927F7228398FC0057B012 /* MockResponse.json */; };
		A7FD6302227F82B100E1B460 /* ProductListView.swift in Sources */ = {isa = PBXBuildFile; fileRef = A7FD6301227F82B100E1B460 /* ProductListView.swift */; };
		A7FD6305228060E200E1B460 /* DDTabBarController.swift in Sources */ = {isa = PBXBuildFile; fileRef = A7FD6304228060E200E1B460 /* DDTabBarController.swift */; };
		A7FD630B2280961E00E1B460 /* FetchProductListService.swift in Sources */ = {isa = PBXBuildFile; fileRef = A7FD630A2280961E00E1B460 /* FetchProductListService.swift */; };
		A7FD630E2280A71000E1B460 /* ProductTableCell.swift in Sources */ = {isa = PBXBuildFile; fileRef = A7FD630D2280A71000E1B460 /* ProductTableCell.swift */; };
		A7FD63102280C7E500E1B460 /* ProductActions.swift in Sources */ = {isa = PBXBuildFile; fileRef = A7FD630F2280C7E500E1B460 /* ProductActions.swift */; };
		A7FD63122280C85700E1B460 /* ProductState.swift in Sources */ = {isa = PBXBuildFile; fileRef = A7FD63112280C85700E1B460 /* ProductState.swift */; };
		A7FD63142280C87A00E1B460 /* ProductReducer.swift in Sources */ = {isa = PBXBuildFile; fileRef = A7FD63132280C87A00E1B460 /* ProductReducer.swift */; };
		A7FD63162280C88700E1B460 /* ProductEffects.swift in Sources */ = {isa = PBXBuildFile; fileRef = A7FD63152280C88700E1B460 /* ProductEffects.swift */; };
		A7FD63182280CA3400E1B460 /* MainStore.swift in Sources */ = {isa = PBXBuildFile; fileRef = A7FD63172280CA3400E1B460 /* MainStore.swift */; };
		A7FD631B2280DCCC00E1B460 /* Array+DDShop.swift in Sources */ = {isa = PBXBuildFile; fileRef = A7FD631A2280DCCC00E1B460 /* Array+DDShop.swift */; };
		A7FD631D2280E72200E1B460 /* CartService.swift in Sources */ = {isa = PBXBuildFile; fileRef = A7FD631C2280E72200E1B460 /* CartService.swift */; };
		A7FD631F2280E83500E1B460 /* Globals.swift in Sources */ = {isa = PBXBuildFile; fileRef = A7FD631E2280E83500E1B460 /* Globals.swift */; };
		A7FD63242280EE8B00E1B460 /* CartModel.swift in Sources */ = {isa = PBXBuildFile; fileRef = A7FD63232280EE8B00E1B460 /* CartModel.swift */; };
		A7FD632B2280FAB000E1B460 /* ProductStateTests.swift in Sources */ = {isa = PBXBuildFile; fileRef = A7FD632A2280FAB000E1B460 /* ProductStateTests.swift */; };
		A7FD632E2280FBC900E1B460 /* MockProductService.swift in Sources */ = {isa = PBXBuildFile; fileRef = A7FD632D2280FBC900E1B460 /* MockProductService.swift */; };
		A7FD63312280FBE500E1B460 /* MockCartService.swift in Sources */ = {isa = PBXBuildFile; fileRef = A7FD63302280FBE500E1B460 /* MockCartService.swift */; };
		A7FD63372281000500E1B460 /* MockResponse.json in Resources */ = {isa = PBXBuildFile; fileRef = A7FD63202280ECF700E1B460 /* MockResponse.json */; };
		D36DEC5A993F443606F6221F /* Pods_DDShop_DDShopUITests.framework in Frameworks */ = {isa = PBXBuildFile; fileRef = 4AD4817ED85DA200F5F0407C /* Pods_DDShop_DDShopUITests.framework */; };
/* End PBXBuildFile section */

/* Begin PBXContainerItemProxy section */
		A7C8FACA227F7CB300DF9CA8 /* PBXContainerItemProxy */ = {
			isa = PBXContainerItemProxy;
			containerPortal = A7C8FAAB227F7CB300DF9CA8 /* Project object */;
			proxyType = 1;
			remoteGlobalIDString = A7C8FAB2227F7CB300DF9CA8;
			remoteInfo = DDShop;
		};
		A7C8FAD5227F7CB300DF9CA8 /* PBXContainerItemProxy */ = {
			isa = PBXContainerItemProxy;
			containerPortal = A7C8FAAB227F7CB300DF9CA8 /* Project object */;
			proxyType = 1;
			remoteGlobalIDString = A7C8FAB2227F7CB300DF9CA8;
			remoteInfo = DDShop;
		};
/* End PBXContainerItemProxy section */

/* Begin PBXFileReference section */
		4505050BF079E98B8B530B93 /* Pods-DDShop-DDShopUITests.debug.xcconfig */ = {isa = PBXFileReference; includeInIndex = 1; lastKnownFileType = text.xcconfig; name = "Pods-DDShop-DDShopUITests.debug.xcconfig"; path = "Target Support Files/Pods-DDShop-DDShopUITests/Pods-DDShop-DDShopUITests.debug.xcconfig"; sourceTree = "<group>"; };
		4AD4817ED85DA200F5F0407C /* Pods_DDShop_DDShopUITests.framework */ = {isa = PBXFileReference; explicitFileType = wrapper.framework; includeInIndex = 0; path = Pods_DDShop_DDShopUITests.framework; sourceTree = BUILT_PRODUCTS_DIR; };
		4F7347B75F6960AADC9D2ED8 /* Pods-DDShop.debug.xcconfig */ = {isa = PBXFileReference; includeInIndex = 1; lastKnownFileType = text.xcconfig; name = "Pods-DDShop.debug.xcconfig"; path = "Target Support Files/Pods-DDShop/Pods-DDShop.debug.xcconfig"; sourceTree = "<group>"; };
		63511B2CB768129D792B44ED /* Pods-DDShop-DDShopUITests.release.xcconfig */ = {isa = PBXFileReference; includeInIndex = 1; lastKnownFileType = text.xcconfig; name = "Pods-DDShop-DDShopUITests.release.xcconfig"; path = "Target Support Files/Pods-DDShop-DDShopUITests/Pods-DDShop-DDShopUITests.release.xcconfig"; sourceTree = "<group>"; };
		9AC4E447B079FFF26FE80A0F /* Pods_DDShopTests.framework */ = {isa = PBXFileReference; explicitFileType = wrapper.framework; includeInIndex = 0; path = Pods_DDShopTests.framework; sourceTree = BUILT_PRODUCTS_DIR; };
		A42ED5CFA437E4AEA3E92ACD /* Pods_DDShop.framework */ = {isa = PBXFileReference; explicitFileType = wrapper.framework; includeInIndex = 0; path = Pods_DDShop.framework; sourceTree = BUILT_PRODUCTS_DIR; };
		A6272445054461BCAE4D46B2 /* Pods-DDShopTests.debug.xcconfig */ = {isa = PBXFileReference; includeInIndex = 1; lastKnownFileType = text.xcconfig; name = "Pods-DDShopTests.debug.xcconfig"; path = "Target Support Files/Pods-DDShopTests/Pods-DDShopTests.debug.xcconfig"; sourceTree = "<group>"; };
		A7B7891022823F3500F93091 /* TabBarScreenObject.swift */ = {isa = PBXFileReference; lastKnownFileType = sourcecode.swift; path = TabBarScreenObject.swift; sourceTree = "<group>"; };
		A7B789132282D32000F93091 /* ProductListScreenObject.swift */ = {isa = PBXFileReference; lastKnownFileType = sourcecode.swift; path = ProductListScreenObject.swift; sourceTree = "<group>"; };
		A7C8FAB3227F7CB300DF9CA8 /* DDShop.app */ = {isa = PBXFileReference; explicitFileType = wrapper.application; includeInIndex = 0; path = DDShop.app; sourceTree = BUILT_PRODUCTS_DIR; };
		A7C8FAB6227F7CB300DF9CA8 /* AppDelegate.swift */ = {isa = PBXFileReference; lastKnownFileType = sourcecode.swift; path = AppDelegate.swift; sourceTree = "<group>"; };
		A7C8FAB8227F7CB300DF9CA8 /* ProductListViewController.swift */ = {isa = PBXFileReference; lastKnownFileType = sourcecode.swift; path = ProductListViewController.swift; sourceTree = "<group>"; };
		A7C8FABA227F7CB300DF9CA8 /* SecondViewController.swift */ = {isa = PBXFileReference; lastKnownFileType = sourcecode.swift; path = SecondViewController.swift; sourceTree = "<group>"; };
		A7C8FABD227F7CB300DF9CA8 /* Base */ = {isa = PBXFileReference; lastKnownFileType = file.storyboard; name = Base; path = Base.lproj/Main.storyboard; sourceTree = "<group>"; };
		A7C8FABF227F7CB300DF9CA8 /* Assets.xcassets */ = {isa = PBXFileReference; lastKnownFileType = folder.assetcatalog; path = Assets.xcassets; sourceTree = "<group>"; };
		A7C8FAC2227F7CB300DF9CA8 /* Base */ = {isa = PBXFileReference; lastKnownFileType = file.storyboard; name = Base; path = Base.lproj/LaunchScreen.storyboard; sourceTree = "<group>"; };
		A7C8FAC4227F7CB300DF9CA8 /* Info.plist */ = {isa = PBXFileReference; lastKnownFileType = text.plist.xml; path = Info.plist; sourceTree = "<group>"; };
		A7C8FAC9227F7CB300DF9CA8 /* DDShopTests.xctest */ = {isa = PBXFileReference; explicitFileType = wrapper.cfbundle; includeInIndex = 0; path = DDShopTests.xctest; sourceTree = BUILT_PRODUCTS_DIR; };
		A7C8FACD227F7CB300DF9CA8 /* ArrayExtensionTests.swift */ = {isa = PBXFileReference; lastKnownFileType = sourcecode.swift; path = ArrayExtensionTests.swift; sourceTree = "<group>"; };
		A7C8FACF227F7CB300DF9CA8 /* Info.plist */ = {isa = PBXFileReference; lastKnownFileType = text.plist.xml; path = Info.plist; sourceTree = "<group>"; };
		A7C8FAD4227F7CB300DF9CA8 /* DDShopUITests.xctest */ = {isa = PBXFileReference; explicitFileType = wrapper.cfbundle; includeInIndex = 0; path = DDShopUITests.xctest; sourceTree = BUILT_PRODUCTS_DIR; };
		A7C8FAD8227F7CB300DF9CA8 /* DDShopUITests.swift */ = {isa = PBXFileReference; lastKnownFileType = sourcecode.swift; path = DDShopUITests.swift; sourceTree = "<group>"; };
		A7C8FADA227F7CB300DF9CA8 /* Info.plist */ = {isa = PBXFileReference; lastKnownFileType = text.plist.xml; path = Info.plist; sourceTree = "<group>"; };
		A7C8FAE8227F7D8500DF9CA8 /* ProductModel.swift */ = {isa = PBXFileReference; lastKnownFileType = sourcecode.swift; path = ProductModel.swift; sourceTree = "<group>"; };
		A7C927E722834D6C0057B012 /* ProductScreenObject.swift */ = {isa = PBXFileReference; lastKnownFileType = sourcecode.swift; path = ProductScreenObject.swift; sourceTree = "<group>"; };
		A7C927EB228381170057B012 /* CartViewController.swift */ = {isa = PBXFileReference; lastKnownFileType = sourcecode.swift; path = CartViewController.swift; sourceTree = "<group>"; };
		A7C927ED2283811D0057B012 /* CartView.swift */ = {isa = PBXFileReference; lastKnownFileType = sourcecode.swift; path = CartView.swift; sourceTree = "<group>"; };
		A7C927EF22838A1F0057B012 /* Decimal.swift */ = {isa = PBXFileReference; lastKnownFileType = sourcecode.swift; path = Decimal.swift; sourceTree = "<group>"; };
		A7C927F1228390690057B012 /* WishlistViewController.swift */ = {isa = PBXFileReference; lastKnownFileType = sourcecode.swift; path = WishlistViewController.swift; sourceTree = "<group>"; };
		A7C927F3228394610057B012 /* MockHttpTest.swift */ = {isa = PBXFileReference; lastKnownFileType = sourcecode.swift; path = MockHttpTest.swift; sourceTree = "<group>"; };
		A7C927F7228398FC0057B012 /* MockResponse.json */ = {isa = PBXFileReference; lastKnownFileType = text.json; path = MockResponse.json; sourceTree = "<group>"; };
		A7FD6301227F82B100E1B460 /* ProductListView.swift */ = {isa = PBXFileReference; lastKnownFileType = sourcecode.swift; path = ProductListView.swift; sourceTree = "<group>"; };
		A7FD6304228060E200E1B460 /* DDTabBarController.swift */ = {isa = PBXFileReference; lastKnownFileType = sourcecode.swift; path = DDTabBarController.swift; sourceTree = "<group>"; };
		A7FD630A2280961E00E1B460 /* FetchProductListService.swift */ = {isa = PBXFileReference; lastKnownFileType = sourcecode.swift; path = FetchProductListService.swift; sourceTree = "<group>"; };
		A7FD630D2280A71000E1B460 /* ProductTableCell.swift */ = {isa = PBXFileReference; lastKnownFileType = sourcecode.swift; path = ProductTableCell.swift; sourceTree = "<group>"; };
		A7FD630F2280C7E500E1B460 /* ProductActions.swift */ = {isa = PBXFileReference; lastKnownFileType = sourcecode.swift; path = ProductActions.swift; sourceTree = "<group>"; };
		A7FD63112280C85700E1B460 /* ProductState.swift */ = {isa = PBXFileReference; lastKnownFileType = sourcecode.swift; path = ProductState.swift; sourceTree = "<group>"; };
		A7FD63132280C87A00E1B460 /* ProductReducer.swift */ = {isa = PBXFileReference; lastKnownFileType = sourcecode.swift; path = ProductReducer.swift; sourceTree = "<group>"; };
		A7FD63152280C88700E1B460 /* ProductEffects.swift */ = {isa = PBXFileReference; lastKnownFileType = sourcecode.swift; path = ProductEffects.swift; sourceTree = "<group>"; };
		A7FD63172280CA3400E1B460 /* MainStore.swift */ = {isa = PBXFileReference; lastKnownFileType = sourcecode.swift; path = MainStore.swift; sourceTree = "<group>"; };
		A7FD631A2280DCCC00E1B460 /* Array+DDShop.swift */ = {isa = PBXFileReference; lastKnownFileType = sourcecode.swift; path = "Array+DDShop.swift"; sourceTree = "<group>"; };
		A7FD631C2280E72200E1B460 /* CartService.swift */ = {isa = PBXFileReference; lastKnownFileType = sourcecode.swift; path = CartService.swift; sourceTree = "<group>"; };
		A7FD631E2280E83500E1B460 /* Globals.swift */ = {isa = PBXFileReference; lastKnownFileType = sourcecode.swift; path = Globals.swift; sourceTree = "<group>"; };
		A7FD63202280ECF700E1B460 /* MockResponse.json */ = {isa = PBXFileReference; lastKnownFileType = text.json; path = MockResponse.json; sourceTree = "<group>"; };
		A7FD63232280EE8B00E1B460 /* CartModel.swift */ = {isa = PBXFileReference; lastKnownFileType = sourcecode.swift; path = CartModel.swift; sourceTree = "<group>"; };
		A7FD632A2280FAB000E1B460 /* ProductStateTests.swift */ = {isa = PBXFileReference; lastKnownFileType = sourcecode.swift; path = ProductStateTests.swift; sourceTree = "<group>"; };
		A7FD632D2280FBC900E1B460 /* MockProductService.swift */ = {isa = PBXFileReference; lastKnownFileType = sourcecode.swift; path = MockProductService.swift; sourceTree = "<group>"; };
		A7FD63302280FBE500E1B460 /* MockCartService.swift */ = {isa = PBXFileReference; lastKnownFileType = sourcecode.swift; path = MockCartService.swift; sourceTree = "<group>"; };
		D70D759EE880E9F0C5AEF1F4 /* Pods-DDShopTests.release.xcconfig */ = {isa = PBXFileReference; includeInIndex = 1; lastKnownFileType = text.xcconfig; name = "Pods-DDShopTests.release.xcconfig"; path = "Target Support Files/Pods-DDShopTests/Pods-DDShopTests.release.xcconfig"; sourceTree = "<group>"; };
		E54734613B4403781A99C313 /* Pods-DDShop.release.xcconfig */ = {isa = PBXFileReference; includeInIndex = 1; lastKnownFileType = text.xcconfig; name = "Pods-DDShop.release.xcconfig"; path = "Target Support Files/Pods-DDShop/Pods-DDShop.release.xcconfig"; sourceTree = "<group>"; };
/* End PBXFileReference section */

/* Begin PBXFrameworksBuildPhase section */
		A7C8FAB0227F7CB300DF9CA8 /* Frameworks */ = {
			isa = PBXFrameworksBuildPhase;
			buildActionMask = 2147483647;
			files = (
				9526F1B436E94322B07DEE4A /* Pods_DDShop.framework in Frameworks */,
			);
			runOnlyForDeploymentPostprocessing = 0;
		};
		A7C8FAC6227F7CB300DF9CA8 /* Frameworks */ = {
			isa = PBXFrameworksBuildPhase;
			buildActionMask = 2147483647;
			files = (
				917575C1F9A1607D4E9C3635 /* Pods_DDShopTests.framework in Frameworks */,
			);
			runOnlyForDeploymentPostprocessing = 0;
		};
		A7C8FAD1227F7CB300DF9CA8 /* Frameworks */ = {
			isa = PBXFrameworksBuildPhase;
			buildActionMask = 2147483647;
			files = (
				D36DEC5A993F443606F6221F /* Pods_DDShop_DDShopUITests.framework in Frameworks */,
			);
			runOnlyForDeploymentPostprocessing = 0;
		};
/* End PBXFrameworksBuildPhase section */

/* Begin PBXGroup section */
		5A233392D9E11F080BF5D575 /* Pods */ = {
			isa = PBXGroup;
			children = (
				4F7347B75F6960AADC9D2ED8 /* Pods-DDShop.debug.xcconfig */,
				E54734613B4403781A99C313 /* Pods-DDShop.release.xcconfig */,
				4505050BF079E98B8B530B93 /* Pods-DDShop-DDShopUITests.debug.xcconfig */,
				63511B2CB768129D792B44ED /* Pods-DDShop-DDShopUITests.release.xcconfig */,
				A6272445054461BCAE4D46B2 /* Pods-DDShopTests.debug.xcconfig */,
				D70D759EE880E9F0C5AEF1F4 /* Pods-DDShopTests.release.xcconfig */,
			);
			path = Pods;
			sourceTree = "<group>";
		};
		A7B7890F22823F1D00F93091 /* Screen Objects */ = {
			isa = PBXGroup;
			children = (
				A7B789132282D32000F93091 /* ProductListScreenObject.swift */,
				A7C927E722834D6C0057B012 /* ProductScreenObject.swift */,
			);
			path = "Screen Objects";
			sourceTree = "<group>";
		};
		A7B7891222823F3B00F93091 /* Screen Objects */ = {
			isa = PBXGroup;
			children = (
				A7B7891022823F3500F93091 /* TabBarScreenObject.swift */,
			);
			path = "Screen Objects";
			sourceTree = "<group>";
		};
		A7C8FAAA227F7CB300DF9CA8 = {
			isa = PBXGroup;
			children = (
				A7C8FAB5227F7CB300DF9CA8 /* DDShop */,
				A7C8FACC227F7CB300DF9CA8 /* DDShopTests */,
				A7C8FAD7227F7CB300DF9CA8 /* DDShopUITests */,
				A7C8FAB4227F7CB300DF9CA8 /* Products */,
				5A233392D9E11F080BF5D575 /* Pods */,
				FF5BC9211B1AAE6F7B8C7C8C /* Frameworks */,
			);
			sourceTree = "<group>";
		};
		A7C8FAB4227F7CB300DF9CA8 /* Products */ = {
			isa = PBXGroup;
			children = (
				A7C8FAB3227F7CB300DF9CA8 /* DDShop.app */,
				A7C8FAC9227F7CB300DF9CA8 /* DDShopTests.xctest */,
				A7C8FAD4227F7CB300DF9CA8 /* DDShopUITests.xctest */,
			);
			name = Products;
			sourceTree = "<group>";
		};
		A7C8FAB5227F7CB300DF9CA8 /* DDShop */ = {
			isa = PBXGroup;
			children = (
				A7FD63072280951700E1B460 /* Framework */,
				A7FD63092280952C00E1B460 /* Functional */,
				A7C8FAB6227F7CB300DF9CA8 /* AppDelegate.swift */,
				A7C8FABA227F7CB300DF9CA8 /* SecondViewController.swift */,
				A7C8FABC227F7CB300DF9CA8 /* Main.storyboard */,
				A7C8FABF227F7CB300DF9CA8 /* Assets.xcassets */,
				A7C8FAC1227F7CB300DF9CA8 /* LaunchScreen.storyboard */,
				A7C8FAC4227F7CB300DF9CA8 /* Info.plist */,
			);
			path = DDShop;
			sourceTree = "<group>";
		};
		A7C8FACC227F7CB300DF9CA8 /* DDShopTests */ = {
			isa = PBXGroup;
			children = (
				A7C8FACD227F7CB300DF9CA8 /* ArrayExtensionTests.swift */,
				A7FD632C2280FBA900E1B460 /* Product State */,
				A7FD63202280ECF700E1B460 /* MockResponse.json */,
				A7C8FACF227F7CB300DF9CA8 /* Info.plist */,
			);
			path = DDShopTests;
			sourceTree = "<group>";
		};
		A7C8FAD7227F7CB300DF9CA8 /* DDShopUITests */ = {
			isa = PBXGroup;
			children = (
				A7C927F3228394610057B012 /* MockHttpTest.swift */,
				A7B7891222823F3B00F93091 /* Screen Objects */,
				A7FD63272280F96300E1B460 /* Shop Tab */,
				A7FD63292280F98800E1B460 /* Wishlist Tab */,
				A7FD63282280F97A00E1B460 /* Cart Tab */,
				A7C8FADA227F7CB300DF9CA8 /* Info.plist */,
				A7C927F7228398FC0057B012 /* MockResponse.json */,
			);
			path = DDShopUITests;
			sourceTree = "<group>";
		};
		A7C8FAEA227F7D8F00DF9CA8 /* Model */ = {
			isa = PBXGroup;
			children = (
				A7C8FAE8227F7D8500DF9CA8 /* ProductModel.swift */,
				A7FD63232280EE8B00E1B460 /* CartModel.swift */,
			);
			path = Model;
			sourceTree = "<group>";
		};
		A7FD62FE227F822E00E1B460 /* Screens */ = {
			isa = PBXGroup;
			children = (
				A7FD6303228060CD00E1B460 /* TabBar */,
				A7FD6300227F826D00E1B460 /* ProductListView */,
				A7FD63252280F55400E1B460 /* CartListView */,
				A7FD63262280F56400E1B460 /* WishlistView */,
			);
			path = Screens;
			sourceTree = "<group>";
		};
		A7FD6300227F826D00E1B460 /* ProductListView */ = {
			isa = PBXGroup;
			children = (
				A7C8FAB8227F7CB300DF9CA8 /* ProductListViewController.swift */,
				A7FD6301227F82B100E1B460 /* ProductListView.swift */,
				A7FD630D2280A71000E1B460 /* ProductTableCell.swift */,
			);
			path = ProductListView;
			sourceTree = "<group>";
		};
		A7FD6303228060CD00E1B460 /* TabBar */ = {
			isa = PBXGroup;
			children = (
				A7FD6304228060E200E1B460 /* DDTabBarController.swift */,
			);
			path = TabBar;
			sourceTree = "<group>";
		};
		A7FD63072280951700E1B460 /* Framework */ = {
			isa = PBXGroup;
			children = (
				A7FD631E2280E83500E1B460 /* Globals.swift */,
				A7FD63192280DCBE00E1B460 /* Extensions */,
				A7FD630C2280982200E1B460 /* Redux */,
				A7FD63082280952100E1B460 /* Networking */,
				A7C8FAEA227F7D8F00DF9CA8 /* Model */,
			);
			path = Framework;
			sourceTree = "<group>";
		};
		A7FD63082280952100E1B460 /* Networking */ = {
			isa = PBXGroup;
			children = (
				A7FD630A2280961E00E1B460 /* FetchProductListService.swift */,
				A7FD631C2280E72200E1B460 /* CartService.swift */,
			);
			path = Networking;
			sourceTree = "<group>";
		};
		A7FD63092280952C00E1B460 /* Functional */ = {
			isa = PBXGroup;
			children = (
				A7FD62FE227F822E00E1B460 /* Screens */,
			);
			path = Functional;
			sourceTree = "<group>";
		};
		A7FD630C2280982200E1B460 /* Redux */ = {
			isa = PBXGroup;
			children = (
				A7FD63172280CA3400E1B460 /* MainStore.swift */,
				A7FD630F2280C7E500E1B460 /* ProductActions.swift */,
				A7FD63152280C88700E1B460 /* ProductEffects.swift */,
				A7FD63132280C87A00E1B460 /* ProductReducer.swift */,
				A7FD63112280C85700E1B460 /* ProductState.swift */,
			);
			path = Redux;
			sourceTree = "<group>";
		};
		A7FD63192280DCBE00E1B460 /* Extensions */ = {
			isa = PBXGroup;
			children = (
				A7FD631A2280DCCC00E1B460 /* Array+DDShop.swift */,
				A7C927EF22838A1F0057B012 /* Decimal.swift */,
			);
			path = Extensions;
			sourceTree = "<group>";
		};
		A7FD63252280F55400E1B460 /* CartListView */ = {
			isa = PBXGroup;
			children = (
				A7C927EB228381170057B012 /* CartViewController.swift */,
				A7C927ED2283811D0057B012 /* CartView.swift */,
			);
			path = CartListView;
			sourceTree = "<group>";
		};
		A7FD63262280F56400E1B460 /* WishlistView */ = {
			isa = PBXGroup;
			children = (
				A7C927F1228390690057B012 /* WishlistViewController.swift */,
			);
			path = WishlistView;
			sourceTree = "<group>";
		};
		A7FD63272280F96300E1B460 /* Shop Tab */ = {
			isa = PBXGroup;
			children = (
				A7B7890F22823F1D00F93091 /* Screen Objects */,
				A7C8FAD8227F7CB300DF9CA8 /* DDShopUITests.swift */,
			);
			path = "Shop Tab";
			sourceTree = "<group>";
		};
		A7FD63282280F97A00E1B460 /* Cart Tab */ = {
			isa = PBXGroup;
			children = (
			);
			path = "Cart Tab";
			sourceTree = "<group>";
		};
		A7FD63292280F98800E1B460 /* Wishlist Tab */ = {
			isa = PBXGroup;
			children = (
			);
			path = "Wishlist Tab";
			sourceTree = "<group>";
		};
		A7FD632C2280FBA900E1B460 /* Product State */ = {
			isa = PBXGroup;
			children = (
				A7FD632D2280FBC900E1B460 /* MockProductService.swift */,
				A7FD63302280FBE500E1B460 /* MockCartService.swift */,
				A7FD632A2280FAB000E1B460 /* ProductStateTests.swift */,
			);
			path = "Product State";
			sourceTree = "<group>";
		};
		FF5BC9211B1AAE6F7B8C7C8C /* Frameworks */ = {
			isa = PBXGroup;
			children = (
				A42ED5CFA437E4AEA3E92ACD /* Pods_DDShop.framework */,
				4AD4817ED85DA200F5F0407C /* Pods_DDShop_DDShopUITests.framework */,
				9AC4E447B079FFF26FE80A0F /* Pods_DDShopTests.framework */,
			);
			name = Frameworks;
			sourceTree = "<group>";
		};
/* End PBXGroup section */

/* Begin PBXNativeTarget section */
		A7C8FAB2227F7CB300DF9CA8 /* DDShop */ = {
			isa = PBXNativeTarget;
			buildConfigurationList = A7C8FADD227F7CB300DF9CA8 /* Build configuration list for PBXNativeTarget "DDShop" */;
			buildPhases = (
				D959F42ADCF29E726D8EDC1C /* [CP] Check Pods Manifest.lock */,
				A7C8FAAF227F7CB300DF9CA8 /* Sources */,
				A7C8FAB0227F7CB300DF9CA8 /* Frameworks */,
				A7C8FAB1227F7CB300DF9CA8 /* Resources */,
				A7FD6306228062B300E1B460 /* ShellScript */,
				5C9FC99FB4C6044BA01225B2 /* [CP] Embed Pods Frameworks */,
			);
			buildRules = (
			);
			dependencies = (
			);
			name = DDShop;
			productName = DDShop;
			productReference = A7C8FAB3227F7CB300DF9CA8 /* DDShop.app */;
			productType = "com.apple.product-type.application";
		};
		A7C8FAC8227F7CB300DF9CA8 /* DDShopTests */ = {
			isa = PBXNativeTarget;
			buildConfigurationList = A7C8FAE0227F7CB300DF9CA8 /* Build configuration list for PBXNativeTarget "DDShopTests" */;
			buildPhases = (
				26858C9000B386F2717D2A1B /* [CP] Check Pods Manifest.lock */,
				A7C8FAC5227F7CB300DF9CA8 /* Sources */,
				A7C8FAC6227F7CB300DF9CA8 /* Frameworks */,
				A7C8FAC7227F7CB300DF9CA8 /* Resources */,
				EC11A17F12B9C39E7E765EAA /* [CP] Embed Pods Frameworks */,
			);
			buildRules = (
			);
			dependencies = (
				A7C8FACB227F7CB300DF9CA8 /* PBXTargetDependency */,
			);
			name = DDShopTests;
			productName = DDShopTests;
			productReference = A7C8FAC9227F7CB300DF9CA8 /* DDShopTests.xctest */;
			productType = "com.apple.product-type.bundle.unit-test";
		};
		A7C8FAD3227F7CB300DF9CA8 /* DDShopUITests */ = {
			isa = PBXNativeTarget;
			buildConfigurationList = A7C8FAE3227F7CB300DF9CA8 /* Build configuration list for PBXNativeTarget "DDShopUITests" */;
			buildPhases = (
				BD68ED4D619534A55841951F /* [CP] Check Pods Manifest.lock */,
				A7C8FAD0227F7CB300DF9CA8 /* Sources */,
				A7C8FAD1227F7CB300DF9CA8 /* Frameworks */,
				A7C8FAD2227F7CB300DF9CA8 /* Resources */,
				F9AA9988858E23B9A2D4853A /* [CP] Embed Pods Frameworks */,
			);
			buildRules = (
			);
			dependencies = (
				A7C8FAD6227F7CB300DF9CA8 /* PBXTargetDependency */,
			);
			name = DDShopUITests;
			productName = DDShopUITests;
			productReference = A7C8FAD4227F7CB300DF9CA8 /* DDShopUITests.xctest */;
			productType = "com.apple.product-type.bundle.ui-testing";
		};
/* End PBXNativeTarget section */

/* Begin PBXProject section */
		A7C8FAAB227F7CB300DF9CA8 /* Project object */ = {
			isa = PBXProject;
			attributes = {
				LastSwiftUpdateCheck = 1020;
				LastUpgradeCheck = 1020;
				ORGANIZATIONNAME = "Oliver Binns";
				TargetAttributes = {
					A7C8FAB2227F7CB300DF9CA8 = {
						CreatedOnToolsVersion = 10.2.1;
					};
					A7C8FAC8227F7CB300DF9CA8 = {
						CreatedOnToolsVersion = 10.2.1;
						TestTargetID = A7C8FAB2227F7CB300DF9CA8;
					};
					A7C8FAD3227F7CB300DF9CA8 = {
						CreatedOnToolsVersion = 10.2.1;
						TestTargetID = A7C8FAB2227F7CB300DF9CA8;
					};
				};
			};
			buildConfigurationList = A7C8FAAE227F7CB300DF9CA8 /* Build configuration list for PBXProject "DDShop" */;
			compatibilityVersion = "Xcode 9.3";
			developmentRegion = en;
			hasScannedForEncodings = 0;
			knownRegions = (
				en,
				Base,
			);
			mainGroup = A7C8FAAA227F7CB300DF9CA8;
			productRefGroup = A7C8FAB4227F7CB300DF9CA8 /* Products */;
			projectDirPath = "";
			projectRoot = "";
			targets = (
				A7C8FAB2227F7CB300DF9CA8 /* DDShop */,
				A7C8FAC8227F7CB300DF9CA8 /* DDShopTests */,
				A7C8FAD3227F7CB300DF9CA8 /* DDShopUITests */,
			);
		};
/* End PBXProject section */

/* Begin PBXResourcesBuildPhase section */
		A7C8FAB1227F7CB300DF9CA8 /* Resources */ = {
			isa = PBXResourcesBuildPhase;
			buildActionMask = 2147483647;
			files = (
				A7C8FAC3227F7CB300DF9CA8 /* LaunchScreen.storyboard in Resources */,
				A7C8FAC0227F7CB300DF9CA8 /* Assets.xcassets in Resources */,
				A7C8FABE227F7CB300DF9CA8 /* Main.storyboard in Resources */,
			);
			runOnlyForDeploymentPostprocessing = 0;
		};
		A7C8FAC7227F7CB300DF9CA8 /* Resources */ = {
			isa = PBXResourcesBuildPhase;
			buildActionMask = 2147483647;
			files = (
				A7FD63372281000500E1B460 /* MockResponse.json in Resources */,
			);
			runOnlyForDeploymentPostprocessing = 0;
		};
		A7C8FAD2227F7CB300DF9CA8 /* Resources */ = {
			isa = PBXResourcesBuildPhase;
			buildActionMask = 2147483647;
			files = (
				A7C927F8228398FC0057B012 /* MockResponse.json in Resources */,
			);
			runOnlyForDeploymentPostprocessing = 0;
		};
/* End PBXResourcesBuildPhase section */

/* Begin PBXShellScriptBuildPhase section */
		26858C9000B386F2717D2A1B /* [CP] Check Pods Manifest.lock */ = {
			isa = PBXShellScriptBuildPhase;
			buildActionMask = 2147483647;
			files = (
			);
			inputFileListPaths = (
			);
			inputPaths = (
				"${PODS_PODFILE_DIR_PATH}/Podfile.lock",
				"${PODS_ROOT}/Manifest.lock",
			);
			name = "[CP] Check Pods Manifest.lock";
			outputFileListPaths = (
			);
			outputPaths = (
				"$(DERIVED_FILE_DIR)/Pods-DDShopTests-checkManifestLockResult.txt",
			);
			runOnlyForDeploymentPostprocessing = 0;
			shellPath = /bin/sh;
			shellScript = "diff \"${PODS_PODFILE_DIR_PATH}/Podfile.lock\" \"${PODS_ROOT}/Manifest.lock\" > /dev/null\nif [ $? != 0 ] ; then\n    # print error to STDERR\n    echo \"error: The sandbox is not in sync with the Podfile.lock. Run 'pod install' or update your CocoaPods installation.\" >&2\n    exit 1\nfi\n# This output is used by Xcode 'outputs' to avoid re-running this script phase.\necho \"SUCCESS\" > \"${SCRIPT_OUTPUT_FILE_0}\"\n";
			showEnvVarsInLog = 0;
		};
		5C9FC99FB4C6044BA01225B2 /* [CP] Embed Pods Frameworks */ = {
			isa = PBXShellScriptBuildPhase;
			buildActionMask = 2147483647;
			files = (
			);
			inputFileListPaths = (
			);
			inputPaths = (
				"${PODS_ROOT}/Target Support Files/Pods-DDShop/Pods-DDShop-frameworks.sh",
				"${BUILT_PRODUCTS_DIR}/Alamofire/Alamofire.framework",
				"${BUILT_PRODUCTS_DIR}/PromiseKit/PromiseKit.framework",
				"${BUILT_PRODUCTS_DIR}/ReSwift/ReSwift.framework",
				"${BUILT_PRODUCTS_DIR}/ReSwiftThunk/ReSwiftThunk.framework",
				"${BUILT_PRODUCTS_DIR}/SwiftIcons/SwiftIcons.framework",
			);
			name = "[CP] Embed Pods Frameworks";
			outputFileListPaths = (
			);
			outputPaths = (
				"${TARGET_BUILD_DIR}/${FRAMEWORKS_FOLDER_PATH}/Alamofire.framework",
				"${TARGET_BUILD_DIR}/${FRAMEWORKS_FOLDER_PATH}/PromiseKit.framework",
				"${TARGET_BUILD_DIR}/${FRAMEWORKS_FOLDER_PATH}/ReSwift.framework",
				"${TARGET_BUILD_DIR}/${FRAMEWORKS_FOLDER_PATH}/ReSwiftThunk.framework",
				"${TARGET_BUILD_DIR}/${FRAMEWORKS_FOLDER_PATH}/SwiftIcons.framework",
			);
			runOnlyForDeploymentPostprocessing = 0;
			shellPath = /bin/sh;
			shellScript = "\"${PODS_ROOT}/Target Support Files/Pods-DDShop/Pods-DDShop-frameworks.sh\"\n";
			showEnvVarsInLog = 0;
		};
		A7FD6306228062B300E1B460 /* ShellScript */ = {
			isa = PBXShellScriptBuildPhase;
			buildActionMask = 2147483647;
			files = (
			);
			inputFileListPaths = (
			);
			inputPaths = (
			);
			outputFileListPaths = (
			);
			outputPaths = (
			);
			runOnlyForDeploymentPostprocessing = 0;
			shellPath = /bin/sh;
			shellScript = "# Run Swiftlint to check syntax\n\"${PODS_ROOT}/SwiftLint/swiftlint\"\n";
		};
		BD68ED4D619534A55841951F /* [CP] Check Pods Manifest.lock */ = {
			isa = PBXShellScriptBuildPhase;
			buildActionMask = 2147483647;
			files = (
			);
			inputFileListPaths = (
			);
			inputPaths = (
				"${PODS_PODFILE_DIR_PATH}/Podfile.lock",
				"${PODS_ROOT}/Manifest.lock",
			);
			name = "[CP] Check Pods Manifest.lock";
			outputFileListPaths = (
			);
			outputPaths = (
				"$(DERIVED_FILE_DIR)/Pods-DDShop-DDShopUITests-checkManifestLockResult.txt",
			);
			runOnlyForDeploymentPostprocessing = 0;
			shellPath = /bin/sh;
			shellScript = "diff \"${PODS_PODFILE_DIR_PATH}/Podfile.lock\" \"${PODS_ROOT}/Manifest.lock\" > /dev/null\nif [ $? != 0 ] ; then\n    # print error to STDERR\n    echo \"error: The sandbox is not in sync with the Podfile.lock. Run 'pod install' or update your CocoaPods installation.\" >&2\n    exit 1\nfi\n# This output is used by Xcode 'outputs' to avoid re-running this script phase.\necho \"SUCCESS\" > \"${SCRIPT_OUTPUT_FILE_0}\"\n";
			showEnvVarsInLog = 0;
		};
		D959F42ADCF29E726D8EDC1C /* [CP] Check Pods Manifest.lock */ = {
			isa = PBXShellScriptBuildPhase;
			buildActionMask = 2147483647;
			files = (
			);
			inputFileListPaths = (
			);
			inputPaths = (
				"${PODS_PODFILE_DIR_PATH}/Podfile.lock",
				"${PODS_ROOT}/Manifest.lock",
			);
			name = "[CP] Check Pods Manifest.lock";
			outputFileListPaths = (
			);
			outputPaths = (
				"$(DERIVED_FILE_DIR)/Pods-DDShop-checkManifestLockResult.txt",
			);
			runOnlyForDeploymentPostprocessing = 0;
			shellPath = /bin/sh;
			shellScript = "diff \"${PODS_PODFILE_DIR_PATH}/Podfile.lock\" \"${PODS_ROOT}/Manifest.lock\" > /dev/null\nif [ $? != 0 ] ; then\n    # print error to STDERR\n    echo \"error: The sandbox is not in sync with the Podfile.lock. Run 'pod install' or update your CocoaPods installation.\" >&2\n    exit 1\nfi\n# This output is used by Xcode 'outputs' to avoid re-running this script phase.\necho \"SUCCESS\" > \"${SCRIPT_OUTPUT_FILE_0}\"\n";
			showEnvVarsInLog = 0;
		};
		EC11A17F12B9C39E7E765EAA /* [CP] Embed Pods Frameworks */ = {
			isa = PBXShellScriptBuildPhase;
			buildActionMask = 2147483647;
			files = (
			);
			inputFileListPaths = (
			);
			inputPaths = (
				"${PODS_ROOT}/Target Support Files/Pods-DDShopTests/Pods-DDShopTests-frameworks.sh",
				"${BUILT_PRODUCTS_DIR}/Nimble/Nimble.framework",
			);
			name = "[CP] Embed Pods Frameworks";
			outputFileListPaths = (
			);
			outputPaths = (
				"${TARGET_BUILD_DIR}/${FRAMEWORKS_FOLDER_PATH}/Nimble.framework",
			);
			runOnlyForDeploymentPostprocessing = 0;
			shellPath = /bin/sh;
			shellScript = "\"${PODS_ROOT}/Target Support Files/Pods-DDShopTests/Pods-DDShopTests-frameworks.sh\"\n";
			showEnvVarsInLog = 0;
		};
		F9AA9988858E23B9A2D4853A /* [CP] Embed Pods Frameworks */ = {
			isa = PBXShellScriptBuildPhase;
			buildActionMask = 2147483647;
			files = (
			);
			inputFileListPaths = (
			);
			inputPaths = (
				"${PODS_ROOT}/Target Support Files/Pods-DDShop-DDShopUITests/Pods-DDShop-DDShopUITests-frameworks.sh",
				"${BUILT_PRODUCTS_DIR}/Alamofire/Alamofire.framework",
				"${BUILT_PRODUCTS_DIR}/PromiseKit/PromiseKit.framework",
				"${BUILT_PRODUCTS_DIR}/ReSwift/ReSwift.framework",
				"${BUILT_PRODUCTS_DIR}/ReSwiftThunk/ReSwiftThunk.framework",
				"${BUILT_PRODUCTS_DIR}/SwiftIcons/SwiftIcons.framework",
				"${BUILT_PRODUCTS_DIR}/Nimble/Nimble.framework",
				"${BUILT_PRODUCTS_DIR}/Embassy/Embassy.framework",
			);
			name = "[CP] Embed Pods Frameworks";
			outputFileListPaths = (
			);
			outputPaths = (
				"${TARGET_BUILD_DIR}/${FRAMEWORKS_FOLDER_PATH}/Alamofire.framework",
				"${TARGET_BUILD_DIR}/${FRAMEWORKS_FOLDER_PATH}/PromiseKit.framework",
				"${TARGET_BUILD_DIR}/${FRAMEWORKS_FOLDER_PATH}/ReSwift.framework",
				"${TARGET_BUILD_DIR}/${FRAMEWORKS_FOLDER_PATH}/ReSwiftThunk.framework",
				"${TARGET_BUILD_DIR}/${FRAMEWORKS_FOLDER_PATH}/SwiftIcons.framework",
				"${TARGET_BUILD_DIR}/${FRAMEWORKS_FOLDER_PATH}/Nimble.framework",
				"${TARGET_BUILD_DIR}/${FRAMEWORKS_FOLDER_PATH}/Embassy.framework",
			);
			runOnlyForDeploymentPostprocessing = 0;
			shellPath = /bin/sh;
			shellScript = "\"${PODS_ROOT}/Target Support Files/Pods-DDShop-DDShopUITests/Pods-DDShop-DDShopUITests-frameworks.sh\"\n";
			showEnvVarsInLog = 0;
		};
/* End PBXShellScriptBuildPhase section */

/* Begin PBXSourcesBuildPhase section */
		A7C8FAAF227F7CB300DF9CA8 /* Sources */ = {
			isa = PBXSourcesBuildPhase;
			buildActionMask = 2147483647;
			files = (
				A7FD63162280C88700E1B460 /* ProductEffects.swift in Sources */,
				A7FD631B2280DCCC00E1B460 /* Array+DDShop.swift in Sources */,
				A7C8FABB227F7CB300DF9CA8 /* SecondViewController.swift in Sources */,
				A7FD631D2280E72200E1B460 /* CartService.swift in Sources */,
				A7FD63122280C85700E1B460 /* ProductState.swift in Sources */,
				A7C8FAB7227F7CB300DF9CA8 /* AppDelegate.swift in Sources */,
				A7FD630E2280A71000E1B460 /* ProductTableCell.swift in Sources */,
				A7FD6305228060E200E1B460 /* DDTabBarController.swift in Sources */,
				A7C8FAB9227F7CB300DF9CA8 /* ProductListViewController.swift in Sources */,
				A7FD63102280C7E500E1B460 /* ProductActions.swift in Sources */,
				A7C927F2228390690057B012 /* WishlistViewController.swift in Sources */,
				A7FD63242280EE8B00E1B460 /* CartModel.swift in Sources */,
				A7FD63182280CA3400E1B460 /* MainStore.swift in Sources */,
				A7FD63142280C87A00E1B460 /* ProductReducer.swift in Sources */,
				A7FD631F2280E83500E1B460 /* Globals.swift in Sources */,
				A7C8FAE9227F7D8500DF9CA8 /* ProductModel.swift in Sources */,
				A7FD6302227F82B100E1B460 /* ProductListView.swift in Sources */,
				A7C927EC228381170057B012 /* CartViewController.swift in Sources */,
				A7C927EE2283811D0057B012 /* CartView.swift in Sources */,
				A7FD630B2280961E00E1B460 /* FetchProductListService.swift in Sources */,
				A7C927F022838A1F0057B012 /* Decimal.swift in Sources */,
			);
			runOnlyForDeploymentPostprocessing = 0;
		};
		A7C8FAC5227F7CB300DF9CA8 /* Sources */ = {
			isa = PBXSourcesBuildPhase;
			buildActionMask = 2147483647;
			files = (
				A7C8FACE227F7CB300DF9CA8 /* ArrayExtensionTests.swift in Sources */,
				A7FD63312280FBE500E1B460 /* MockCartService.swift in Sources */,
				A7FD632E2280FBC900E1B460 /* MockProductService.swift in Sources */,
				A7FD632B2280FAB000E1B460 /* ProductStateTests.swift in Sources */,
			);
			runOnlyForDeploymentPostprocessing = 0;
		};
		A7C8FAD0227F7CB300DF9CA8 /* Sources */ = {
			isa = PBXSourcesBuildPhase;
			buildActionMask = 2147483647;
			files = (
				A7C927E822834D6C0057B012 /* ProductScreenObject.swift in Sources */,
				A7B7891122823F3500F93091 /* TabBarScreenObject.swift in Sources */,
				A7C927F4228394610057B012 /* MockHttpTest.swift in Sources */,
				A7C8FAD9227F7CB300DF9CA8 /* DDShopUITests.swift in Sources */,
				A7B789142282D32000F93091 /* ProductListScreenObject.swift in Sources */,
			);
			runOnlyForDeploymentPostprocessing = 0;
		};
/* End PBXSourcesBuildPhase section */

/* Begin PBXTargetDependency section */
		A7C8FACB227F7CB300DF9CA8 /* PBXTargetDependency */ = {
			isa = PBXTargetDependency;
			target = A7C8FAB2227F7CB300DF9CA8 /* DDShop */;
			targetProxy = A7C8FACA227F7CB300DF9CA8 /* PBXContainerItemProxy */;
		};
		A7C8FAD6227F7CB300DF9CA8 /* PBXTargetDependency */ = {
			isa = PBXTargetDependency;
			target = A7C8FAB2227F7CB300DF9CA8 /* DDShop */;
			targetProxy = A7C8FAD5227F7CB300DF9CA8 /* PBXContainerItemProxy */;
		};
/* End PBXTargetDependency section */

/* Begin PBXVariantGroup section */
		A7C8FABC227F7CB300DF9CA8 /* Main.storyboard */ = {
			isa = PBXVariantGroup;
			children = (
				A7C8FABD227F7CB300DF9CA8 /* Base */,
			);
			name = Main.storyboard;
			sourceTree = "<group>";
		};
		A7C8FAC1227F7CB300DF9CA8 /* LaunchScreen.storyboard */ = {
			isa = PBXVariantGroup;
			children = (
				A7C8FAC2227F7CB300DF9CA8 /* Base */,
			);
			name = LaunchScreen.storyboard;
			sourceTree = "<group>";
		};
/* End PBXVariantGroup section */

/* Begin XCBuildConfiguration section */
		A7C8FADB227F7CB300DF9CA8 /* Debug */ = {
			isa = XCBuildConfiguration;
			buildSettings = {
				ALWAYS_SEARCH_USER_PATHS = NO;
				CLANG_ANALYZER_NONNULL = YES;
				CLANG_ANALYZER_NUMBER_OBJECT_CONVERSION = YES_AGGRESSIVE;
				CLANG_CXX_LANGUAGE_STANDARD = "gnu++14";
				CLANG_CXX_LIBRARY = "libc++";
				CLANG_ENABLE_MODULES = YES;
				CLANG_ENABLE_OBJC_ARC = YES;
				CLANG_ENABLE_OBJC_WEAK = YES;
				CLANG_WARN_BLOCK_CAPTURE_AUTORELEASING = YES;
				CLANG_WARN_BOOL_CONVERSION = YES;
				CLANG_WARN_COMMA = YES;
				CLANG_WARN_CONSTANT_CONVERSION = YES;
				CLANG_WARN_DEPRECATED_OBJC_IMPLEMENTATIONS = YES;
				CLANG_WARN_DIRECT_OBJC_ISA_USAGE = YES_ERROR;
				CLANG_WARN_DOCUMENTATION_COMMENTS = YES;
				CLANG_WARN_EMPTY_BODY = YES;
				CLANG_WARN_ENUM_CONVERSION = YES;
				CLANG_WARN_INFINITE_RECURSION = YES;
				CLANG_WARN_INT_CONVERSION = YES;
				CLANG_WARN_NON_LITERAL_NULL_CONVERSION = YES;
				CLANG_WARN_OBJC_IMPLICIT_RETAIN_SELF = YES;
				CLANG_WARN_OBJC_LITERAL_CONVERSION = YES;
				CLANG_WARN_OBJC_ROOT_CLASS = YES_ERROR;
				CLANG_WARN_RANGE_LOOP_ANALYSIS = YES;
				CLANG_WARN_STRICT_PROTOTYPES = YES;
				CLANG_WARN_SUSPICIOUS_MOVE = YES;
				CLANG_WARN_UNGUARDED_AVAILABILITY = YES_AGGRESSIVE;
				CLANG_WARN_UNREACHABLE_CODE = YES;
				CLANG_WARN__DUPLICATE_METHOD_MATCH = YES;
				CODE_SIGN_IDENTITY = "iPhone Developer";
				COPY_PHASE_STRIP = NO;
				DEBUG_INFORMATION_FORMAT = dwarf;
				ENABLE_STRICT_OBJC_MSGSEND = YES;
				ENABLE_TESTABILITY = YES;
				GCC_C_LANGUAGE_STANDARD = gnu11;
				GCC_DYNAMIC_NO_PIC = NO;
				GCC_NO_COMMON_BLOCKS = YES;
				GCC_OPTIMIZATION_LEVEL = 0;
				GCC_PREPROCESSOR_DEFINITIONS = (
					"DEBUG=1",
					"$(inherited)",
				);
				GCC_WARN_64_TO_32_BIT_CONVERSION = YES;
				GCC_WARN_ABOUT_RETURN_TYPE = YES_ERROR;
				GCC_WARN_UNDECLARED_SELECTOR = YES;
				GCC_WARN_UNINITIALIZED_AUTOS = YES_AGGRESSIVE;
				GCC_WARN_UNUSED_FUNCTION = YES;
				GCC_WARN_UNUSED_VARIABLE = YES;
				IPHONEOS_DEPLOYMENT_TARGET = 11.0;
				MTL_ENABLE_DEBUG_INFO = INCLUDE_SOURCE;
				MTL_FAST_MATH = YES;
				ONLY_ACTIVE_ARCH = YES;
				SDKROOT = iphoneos;
				SWIFT_ACTIVE_COMPILATION_CONDITIONS = DEBUG;
				SWIFT_OPTIMIZATION_LEVEL = "-Onone";
			};
			name = Debug;
		};
		A7C8FADC227F7CB300DF9CA8 /* Release */ = {
			isa = XCBuildConfiguration;
			buildSettings = {
				ALWAYS_SEARCH_USER_PATHS = NO;
				CLANG_ANALYZER_NONNULL = YES;
				CLANG_ANALYZER_NUMBER_OBJECT_CONVERSION = YES_AGGRESSIVE;
				CLANG_CXX_LANGUAGE_STANDARD = "gnu++14";
				CLANG_CXX_LIBRARY = "libc++";
				CLANG_ENABLE_MODULES = YES;
				CLANG_ENABLE_OBJC_ARC = YES;
				CLANG_ENABLE_OBJC_WEAK = YES;
				CLANG_WARN_BLOCK_CAPTURE_AUTORELEASING = YES;
				CLANG_WARN_BOOL_CONVERSION = YES;
				CLANG_WARN_COMMA = YES;
				CLANG_WARN_CONSTANT_CONVERSION = YES;
				CLANG_WARN_DEPRECATED_OBJC_IMPLEMENTATIONS = YES;
				CLANG_WARN_DIRECT_OBJC_ISA_USAGE = YES_ERROR;
				CLANG_WARN_DOCUMENTATION_COMMENTS = YES;
				CLANG_WARN_EMPTY_BODY = YES;
				CLANG_WARN_ENUM_CONVERSION = YES;
				CLANG_WARN_INFINITE_RECURSION = YES;
				CLANG_WARN_INT_CONVERSION = YES;
				CLANG_WARN_NON_LITERAL_NULL_CONVERSION = YES;
				CLANG_WARN_OBJC_IMPLICIT_RETAIN_SELF = YES;
				CLANG_WARN_OBJC_LITERAL_CONVERSION = YES;
				CLANG_WARN_OBJC_ROOT_CLASS = YES_ERROR;
				CLANG_WARN_RANGE_LOOP_ANALYSIS = YES;
				CLANG_WARN_STRICT_PROTOTYPES = YES;
				CLANG_WARN_SUSPICIOUS_MOVE = YES;
				CLANG_WARN_UNGUARDED_AVAILABILITY = YES_AGGRESSIVE;
				CLANG_WARN_UNREACHABLE_CODE = YES;
				CLANG_WARN__DUPLICATE_METHOD_MATCH = YES;
				CODE_SIGN_IDENTITY = "iPhone Developer";
				COPY_PHASE_STRIP = NO;
				DEBUG_INFORMATION_FORMAT = "dwarf-with-dsym";
				ENABLE_NS_ASSERTIONS = NO;
				ENABLE_STRICT_OBJC_MSGSEND = YES;
				GCC_C_LANGUAGE_STANDARD = gnu11;
				GCC_NO_COMMON_BLOCKS = YES;
				GCC_WARN_64_TO_32_BIT_CONVERSION = YES;
				GCC_WARN_ABOUT_RETURN_TYPE = YES_ERROR;
				GCC_WARN_UNDECLARED_SELECTOR = YES;
				GCC_WARN_UNINITIALIZED_AUTOS = YES_AGGRESSIVE;
				GCC_WARN_UNUSED_FUNCTION = YES;
				GCC_WARN_UNUSED_VARIABLE = YES;
				IPHONEOS_DEPLOYMENT_TARGET = 11.0;
				MTL_ENABLE_DEBUG_INFO = NO;
				MTL_FAST_MATH = YES;
				SDKROOT = iphoneos;
				SWIFT_COMPILATION_MODE = wholemodule;
				SWIFT_OPTIMIZATION_LEVEL = "-O";
				VALIDATE_PRODUCT = YES;
			};
			name = Release;
		};
		A7C8FADE227F7CB300DF9CA8 /* Debug */ = {
			isa = XCBuildConfiguration;
			baseConfigurationReference = 4F7347B75F6960AADC9D2ED8 /* Pods-DDShop.debug.xcconfig */;
			buildSettings = {
				ASSETCATALOG_COMPILER_APPICON_NAME = AppIcon;
				CODE_SIGN_STYLE = Automatic;
				DEVELOPMENT_TEAM = Z86DH46P79;
				INFOPLIST_FILE = DDShop/Info.plist;
				LD_RUNPATH_SEARCH_PATHS = (
					"$(inherited)",
					"@executable_path/Frameworks",
				);
				PRODUCT_BUNDLE_IDENTIFIER = oliverbinns.DDShop;
				PRODUCT_NAME = "$(TARGET_NAME)";
				SWIFT_VERSION = 5.0;
				TARGETED_DEVICE_FAMILY = "1,2";
			};
			name = Debug;
		};
		A7C8FADF227F7CB300DF9CA8 /* Release */ = {
			isa = XCBuildConfiguration;
			baseConfigurationReference = E54734613B4403781A99C313 /* Pods-DDShop.release.xcconfig */;
			buildSettings = {
				ASSETCATALOG_COMPILER_APPICON_NAME = AppIcon;
				CODE_SIGN_STYLE = Automatic;
				DEVELOPMENT_TEAM = Z86DH46P79;
				INFOPLIST_FILE = DDShop/Info.plist;
				LD_RUNPATH_SEARCH_PATHS = (
					"$(inherited)",
					"@executable_path/Frameworks",
				);
				PRODUCT_BUNDLE_IDENTIFIER = oliverbinns.DDShop;
				PRODUCT_NAME = "$(TARGET_NAME)";
				SWIFT_VERSION = 5.0;
				TARGETED_DEVICE_FAMILY = "1,2";
			};
			name = Release;
		};
		A7C8FAE1227F7CB300DF9CA8 /* Debug */ = {
			isa = XCBuildConfiguration;
			baseConfigurationReference = A6272445054461BCAE4D46B2 /* Pods-DDShopTests.debug.xcconfig */;
			buildSettings = {
				BUNDLE_LOADER = "$(TEST_HOST)";
				CODE_SIGN_STYLE = Automatic;
				DEVELOPMENT_TEAM = Z86DH46P79;
				INFOPLIST_FILE = DDShopTests/Info.plist;
				LD_RUNPATH_SEARCH_PATHS = (
					"$(inherited)",
					"@executable_path/Frameworks",
					"@loader_path/Frameworks",
				);
				PRODUCT_BUNDLE_IDENTIFIER = oliverbinns.DDShopTests;
				PRODUCT_NAME = "$(TARGET_NAME)";
				SWIFT_VERSION = 5.0;
				TARGETED_DEVICE_FAMILY = "1,2";
				TEST_HOST = "$(BUILT_PRODUCTS_DIR)/DDShop.app/DDShop";
			};
			name = Debug;
		};
		A7C8FAE2227F7CB300DF9CA8 /* Release */ = {
			isa = XCBuildConfiguration;
			baseConfigurationReference = D70D759EE880E9F0C5AEF1F4 /* Pods-DDShopTests.release.xcconfig */;
			buildSettings = {
				BUNDLE_LOADER = "$(TEST_HOST)";
				CODE_SIGN_STYLE = Automatic;
				DEVELOPMENT_TEAM = Z86DH46P79;
				INFOPLIST_FILE = DDShopTests/Info.plist;
				LD_RUNPATH_SEARCH_PATHS = (
					"$(inherited)",
					"@executable_path/Frameworks",
					"@loader_path/Frameworks",
				);
				PRODUCT_BUNDLE_IDENTIFIER = oliverbinns.DDShopTests;
				PRODUCT_NAME = "$(TARGET_NAME)";
				SWIFT_VERSION = 5.0;
				TARGETED_DEVICE_FAMILY = "1,2";
				TEST_HOST = "$(BUILT_PRODUCTS_DIR)/DDShop.app/DDShop";
			};
			name = Release;
		};
		A7C8FAE4227F7CB300DF9CA8 /* Debug */ = {
			isa = XCBuildConfiguration;
			baseConfigurationReference = 4505050BF079E98B8B530B93 /* Pods-DDShop-DDShopUITests.debug.xcconfig */;
			buildSettings = {
				CODE_SIGN_STYLE = Automatic;
				DEVELOPMENT_TEAM = Z86DH46P79;
				INFOPLIST_FILE = DDShopUITests/Info.plist;
				LD_RUNPATH_SEARCH_PATHS = (
					"$(inherited)",
					"@executable_path/Frameworks",
					"@loader_path/Frameworks",
				);
				PRODUCT_BUNDLE_IDENTIFIER = oliverbinns.DDShopUITests;
				PRODUCT_NAME = "$(TARGET_NAME)";
				SWIFT_VERSION = 5.0;
				TARGETED_DEVICE_FAMILY = "1,2";
				TEST_TARGET_NAME = DDShop;
			};
			name = Debug;
		};
		A7C8FAE5227F7CB300DF9CA8 /* Release */ = {
			isa = XCBuildConfiguration;
			baseConfigurationReference = 63511B2CB768129D792B44ED /* Pods-DDShop-DDShopUITests.release.xcconfig */;
			buildSettings = {
				CODE_SIGN_STYLE = Automatic;
				DEVELOPMENT_TEAM = Z86DH46P79;
				INFOPLIST_FILE = DDShopUITests/Info.plist;
				LD_RUNPATH_SEARCH_PATHS = (
					"$(inherited)",
					"@executable_path/Frameworks",
					"@loader_path/Frameworks",
				);
				PRODUCT_BUNDLE_IDENTIFIER = oliverbinns.DDShopUITests;
				PRODUCT_NAME = "$(TARGET_NAME)";
				SWIFT_VERSION = 5.0;
				TARGETED_DEVICE_FAMILY = "1,2";
				TEST_TARGET_NAME = DDShop;
			};
			name = Release;
		};
/* End XCBuildConfiguration section */

/* Begin XCConfigurationList section */
		A7C8FAAE227F7CB300DF9CA8 /* Build configuration list for PBXProject "DDShop" */ = {
			isa = XCConfigurationList;
			buildConfigurations = (
				A7C8FADB227F7CB300DF9CA8 /* Debug */,
				A7C8FADC227F7CB300DF9CA8 /* Release */,
			);
			defaultConfigurationIsVisible = 0;
			defaultConfigurationName = Release;
		};
		A7C8FADD227F7CB300DF9CA8 /* Build configuration list for PBXNativeTarget "DDShop" */ = {
			isa = XCConfigurationList;
			buildConfigurations = (
				A7C8FADE227F7CB300DF9CA8 /* Debug */,
				A7C8FADF227F7CB300DF9CA8 /* Release */,
			);
			defaultConfigurationIsVisible = 0;
			defaultConfigurationName = Release;
		};
		A7C8FAE0227F7CB300DF9CA8 /* Build configuration list for PBXNativeTarget "DDShopTests" */ = {
			isa = XCConfigurationList;
			buildConfigurations = (
				A7C8FAE1227F7CB300DF9CA8 /* Debug */,
				A7C8FAE2227F7CB300DF9CA8 /* Release */,
			);
			defaultConfigurationIsVisible = 0;
			defaultConfigurationName = Release;
		};
		A7C8FAE3227F7CB300DF9CA8 /* Build configuration list for PBXNativeTarget "DDShopUITests" */ = {
			isa = XCConfigurationList;
			buildConfigurations = (
				A7C8FAE4227F7CB300DF9CA8 /* Debug */,
				A7C8FAE5227F7CB300DF9CA8 /* Release */,
			);
			defaultConfigurationIsVisible = 0;
			defaultConfigurationName = Release;
		};
/* End XCConfigurationList section */
	};
	rootObject = A7C8FAAB227F7CB300DF9CA8 /* Project object */;
}
